
Microsoft Visual Studio Solution File, Format Version 12.00
# Visual Studio Version 17
VisualStudioVersion = 17.8.34525.116
MinimumVisualStudioVersion = 10.0.40219.1
Project("{FAE04EC0-301F-11D3-BF4B-00C04F79EFBC}") = "FactoryMethod", "FactoryMethod\FactoryMethod.csproj", "{95BF678C-F59C-498A-AFF9-2FAA7EA18BB4}"
EndProject
Project("{FAE04EC0-301F-11D3-BF4B-00C04F79EFBC}") = "Builder", "Builder\Builder.csproj", "{9E2F9CBF-3DE0-409C-AC3A-53954E3296F7}"
EndProject
Project("{FAE04EC0-301F-11D3-BF4B-00C04F79EFBC}") = "Strategy_PolicyPattern", "Strategy_PolicyPattern\Strategy_PolicyPattern.csproj", "{7056F4D4-FF9A-4DBB-A9C3-444A9473C0BE}"
EndProject
Project("{FAE04EC0-301F-11D3-BF4B-00C04F79EFBC}") = "Bridge", "Bridge\Bridge.csproj", "{4EAC9FE9-8475-40A0-91B3-606BF51B2141}"
EndProject
Global
	GlobalSection(SolutionConfigurationPlatforms) = preSolution
		Debug|Any CPU = Debug|Any CPU
		Release|Any CPU = Release|Any CPU
	EndGlobalSection
	GlobalSection(ProjectConfigurationPlatforms) = postSolution
		{95BF678C-F59C-498A-AFF9-2FAA7EA18BB4}.Debug|Any CPU.ActiveCfg = Debug|Any CPU
		{95BF678C-F59C-498A-AFF9-2FAA7EA18BB4}.Debug|Any CPU.Build.0 = Debug|Any CPU
		{95BF678C-F59C-498A-AFF9-2FAA7EA18BB4}.Release|Any CPU.ActiveCfg = Release|Any CPU
		{95BF678C-F59C-498A-AFF9-2FAA7EA18BB4}.Release|Any CPU.Build.0 = Release|Any CPU
		{9E2F9CBF-3DE0-409C-AC3A-53954E3296F7}.Debug|Any CPU.ActiveCfg = Debug|Any CPU
		{9E2F9CBF-3DE0-409C-AC3A-53954E3296F7}.Debug|Any CPU.Build.0 = Debug|Any CPU
		{9E2F9CBF-3DE0-409C-AC3A-53954E3296F7}.Release|Any CPU.ActiveCfg = Release|Any CPU
		{9E2F9CBF-3DE0-409C-AC3A-53954E3296F7}.Release|Any CPU.Build.0 = Release|Any CPU
		{7056F4D4-FF9A-4DBB-A9C3-444A9473C0BE}.Debug|Any CPU.ActiveCfg = Debug|Any CPU
		{7056F4D4-FF9A-4DBB-A9C3-444A9473C0BE}.Debug|Any CPU.Build.0 = Debug|Any CPU
		{7056F4D4-FF9A-4DBB-A9C3-444A9473C0BE}.Release|Any CPU.ActiveCfg = Release|Any CPU
		{7056F4D4-FF9A-4DBB-A9C3-444A9473C0BE}.Release|Any CPU.Build.0 = Release|Any CPU
		{4EAC9FE9-8475-40A0-91B3-606BF51B2141}.Debug|Any CPU.ActiveCfg = Debug|Any CPU
		{4EAC9FE9-8475-40A0-91B3-606BF51B2141}.Debug|Any CPU.Build.0 = Debug|Any CPU
		{4EAC9FE9-8475-40A0-91B3-606BF51B2141}.Release|Any CPU.ActiveCfg = Release|Any CPU
		{4EAC9FE9-8475-40A0-91B3-606BF51B2141}.Release|Any CPU.Build.0 = Release|Any CPU
	EndGlobalSection
	GlobalSection(SolutionProperties) = preSolution
		HideSolutionNode = FALSE
	EndGlobalSection
	GlobalSection(ExtensibilityGlobals) = postSolution
		SolutionGuid = {61BD9D65-FBAF-44D4-95EB-9D37DEEBD733}
	EndGlobalSection
EndGlobal
